
Microsoft Visual Studio Solution File, Format Version 12.00
# Visual Studio 15
VisualStudioVersion = 15.0.26430.13
MinimumVisualStudioVersion = 10.0.40219.1
Project("{FAE04EC0-301F-11D3-BF4B-00C04F79EFBC}") = "BabysitterPayCalculator", "BabysitterPayCalculator\BabysitterPayCalculator.csproj", "{C16D09EC-85DB-419A-9213-632D270A2B88}"
EndProject
Project("{FAE04EC0-301F-11D3-BF4B-00C04F79EFBC}") = "BabysitterPayCalculatorTest", "BabysitterPayCalculatorTest\BabysitterPayCalculatorTest.csproj", "{50316E82-44E6-4B0A-91E2-B8FCA3FA5479}"
EndProject
Global
	GlobalSection(SolutionConfigurationPlatforms) = preSolution
		Debug|Any CPU = Debug|Any CPU
		Release|Any CPU = Release|Any CPU
	EndGlobalSection
	GlobalSection(ProjectConfigurationPlatforms) = postSolution
		{C16D09EC-85DB-419A-9213-632D270A2B88}.Debug|Any CPU.ActiveCfg = Debug|Any CPU
		{C16D09EC-85DB-419A-9213-632D270A2B88}.Debug|Any CPU.Build.0 = Debug|Any CPU
		{C16D09EC-85DB-419A-9213-632D270A2B88}.Release|Any CPU.ActiveCfg = Release|Any CPU
		{C16D09EC-85DB-419A-9213-632D270A2B88}.Release|Any CPU.Build.0 = Release|Any CPU
		{50316E82-44E6-4B0A-91E2-B8FCA3FA5479}.Debug|Any CPU.ActiveCfg = Debug|Any CPU
		{50316E82-44E6-4B0A-91E2-B8FCA3FA5479}.Debug|Any CPU.Build.0 = Debug|Any CPU
		{50316E82-44E6-4B0A-91E2-B8FCA3FA5479}.Release|Any CPU.ActiveCfg = Release|Any CPU
		{50316E82-44E6-4B0A-91E2-B8FCA3FA5479}.Release|Any CPU.Build.0 = Release|Any CPU
	EndGlobalSection
	GlobalSection(SolutionProperties) = preSolution
		HideSolutionNode = FALSE
	EndGlobalSection
EndGlobal
